
Microsoft Visual Studio Solution File, Format Version 12.00
# Visual Studio Version 16
VisualStudioVersion = 16.0.30907.101
MinimumVisualStudioVersion = 10.0.40219.1
Project("{FAE04EC0-301F-11D3-BF4B-00C04F79EFBC}") = "WindowsFormsApp1_Lab_2", "WindowsFormsApp1_Lab_2\WindowsFormsApp1_Lab_2.csproj", "{47389C7E-6627-4925-B721-81EC29D56F40}"
EndProject
Global
	GlobalSection(SolutionConfigurationPlatforms) = preSolution
		Debug|Any CPU = Debug|Any CPU
		Release|Any CPU = Release|Any CPU
	EndGlobalSection
	GlobalSection(ProjectConfigurationPlatforms) = postSolution
		{47389C7E-6627-4925-B721-81EC29D56F40}.Debug|Any CPU.ActiveCfg = Debug|Any CPU
		{47389C7E-6627-4925-B721-81EC29D56F40}.Debug|Any CPU.Build.0 = Debug|Any CPU
		{47389C7E-6627-4925-B721-81EC29D56F40}.Release|Any CPU.ActiveCfg = Release|Any CPU
		{47389C7E-6627-4925-B721-81EC29D56F40}.Release|Any CPU.Build.0 = Release|Any CPU
	EndGlobalSection
	GlobalSection(SolutionProperties) = preSolution
		HideSolutionNode = FALSE
	EndGlobalSection
	GlobalSection(ExtensibilityGlobals) = postSolution
		SolutionGuid = {3460FF73-5079-49B0-BDA7-628925B24DFE}
	EndGlobalSection
EndGlobal
